
Microsoft Visual Studio Solution File, Format Version 12.00
# Visual Studio Version 17
VisualStudioVersion = 17.3.32825.248
MinimumVisualStudioVersion = 10.0.40219.1
Project("{FAE04EC0-301F-11D3-BF4B-00C04F79EFBC}") = "Ex_4.6", "Ex_4.6.csproj", "{94FF83CA-D620-4F14-A7A4-916457F5E28E}"
EndProject
Global
	GlobalSection(SolutionConfigurationPlatforms) = preSolution
		Debug|Any CPU = Debug|Any CPU
		Release|Any CPU = Release|Any CPU
	EndGlobalSection
	GlobalSection(ProjectConfigurationPlatforms) = postSolution
		{94FF83CA-D620-4F14-A7A4-916457F5E28E}.Debug|Any CPU.ActiveCfg = Debug|Any CPU
		{94FF83CA-D620-4F14-A7A4-916457F5E28E}.Debug|Any CPU.Build.0 = Debug|Any CPU
		{94FF83CA-D620-4F14-A7A4-916457F5E28E}.Release|Any CPU.ActiveCfg = Release|Any CPU
		{94FF83CA-D620-4F14-A7A4-916457F5E28E}.Release|Any CPU.Build.0 = Release|Any CPU
	EndGlobalSection
	GlobalSection(SolutionProperties) = preSolution
		HideSolutionNode = FALSE
	EndGlobalSection
	GlobalSection(ExtensibilityGlobals) = postSolution
		SolutionGuid = {A1AE9E90-085D-4A26-BE6B-5AF14144F44F}
	EndGlobalSection
EndGlobal
