
Microsoft Visual Studio Solution File, Format Version 12.00
# Visual Studio Version 17
VisualStudioVersion = 17.3.32825.248
MinimumVisualStudioVersion = 10.0.40219.1
Project("{FAE04EC0-301F-11D3-BF4B-00C04F79EFBC}") = "Atv1", "Atv1.csproj", "{FD8AD6ED-1427-4B9E-9A8B-B70A6091E5FE}"
EndProject
Global
	GlobalSection(SolutionConfigurationPlatforms) = preSolution
		Debug|Any CPU = Debug|Any CPU
		Release|Any CPU = Release|Any CPU
	EndGlobalSection
	GlobalSection(ProjectConfigurationPlatforms) = postSolution
		{FD8AD6ED-1427-4B9E-9A8B-B70A6091E5FE}.Debug|Any CPU.ActiveCfg = Debug|Any CPU
		{FD8AD6ED-1427-4B9E-9A8B-B70A6091E5FE}.Debug|Any CPU.Build.0 = Debug|Any CPU
		{FD8AD6ED-1427-4B9E-9A8B-B70A6091E5FE}.Release|Any CPU.ActiveCfg = Release|Any CPU
		{FD8AD6ED-1427-4B9E-9A8B-B70A6091E5FE}.Release|Any CPU.Build.0 = Release|Any CPU
	EndGlobalSection
	GlobalSection(SolutionProperties) = preSolution
		HideSolutionNode = FALSE
	EndGlobalSection
	GlobalSection(ExtensibilityGlobals) = postSolution
		SolutionGuid = {07F073A7-3F82-41A5-8A4A-D4F8AC5D1BC6}
	EndGlobalSection
EndGlobal
